// !$*UTF8*$!
{
	archiveVersion = 1;
	classes = {
	};
	objectVersion = 60;
	objects = {

/* Begin PBXBuildFile section */
		B513E128295CDDC1001E82A9 /* AppDelegate.swift in Sources */ = {isa = PBXBuildFile; fileRef = B513E127295CDDC1001E82A9 /* AppDelegate.swift */; };
		B513E12C295CDDC1001E82A9 /* Main.html in Resources */ = {isa = PBXBuildFile; fileRef = B513E12A295CDDC1001E82A9 /* Main.html */; };
		B513E130295CDDC1001E82A9 /* Style.css in Resources */ = {isa = PBXBuildFile; fileRef = B513E12F295CDDC1001E82A9 /* Style.css */; };
		B513E132295CDDC1001E82A9 /* Script.js in Resources */ = {isa = PBXBuildFile; fileRef = B513E131295CDDC1001E82A9 /* Script.js */; };
		B513E134295CDDC1001E82A9 /* ViewController.swift in Sources */ = {isa = PBXBuildFile; fileRef = B513E133295CDDC1001E82A9 /* ViewController.swift */; };
		B513E137295CDDC1001E82A9 /* Main.storyboard in Resources */ = {isa = PBXBuildFile; fileRef = B513E135295CDDC1001E82A9 /* Main.storyboard */; };
		B513E139295CDDC2001E82A9 /* Assets.xcassets in Resources */ = {isa = PBXBuildFile; fileRef = B513E138295CDDC2001E82A9 /* Assets.xcassets */; };
		B513E141295CDDC2001E82A9 /* cool-stuff-web-extension Extension.appex in Embed Foundation Extensions */ = {isa = PBXBuildFile; fileRef = B513E140295CDDC2001E82A9 /* cool-stuff-web-extension Extension.appex */; settings = {ATTRIBUTES = (RemoveHeadersOnCopy, ); }; };
		B513E146295CDDC2001E82A9 /* SafariWebExtensionHandler.swift in Sources */ = {isa = PBXBuildFile; fileRef = B513E145295CDDC2001E82A9 /* SafariWebExtensionHandler.swift */; };
		B513E149295CDDC2001E82A9 /* _locales in Resources */ = {isa = PBXBuildFile; fileRef = B513E148295CDDC2001E82A9 /* _locales */; };
		B513E14B295CDDC2001E82A9 /* images in Resources */ = {isa = PBXBuildFile; fileRef = B513E14A295CDDC2001E82A9 /* images */; };
		B513E14D295CDDC2001E82A9 /* manifest.json in Resources */ = {isa = PBXBuildFile; fileRef = B513E14C295CDDC2001E82A9 /* manifest.json */; };
		B542E2F62B880BE30097313C /* Icon.png in Resources */ = {isa = PBXBuildFile; fileRef = B542E2F52B880BE30097313C /* Icon.png */; };
		B5F85D242A268378000A1BCB /* service_worker.js in Resources */ = {isa = PBXBuildFile; fileRef = B5F85D222A268378000A1BCB /* service_worker.js */; };
/* End PBXBuildFile section */

/* Begin PBXContainerItemProxy section */
		B513E142295CDDC2001E82A9 /* PBXContainerItemProxy */ = {
			isa = PBXContainerItemProxy;
			containerPortal = B513E11C295CDDC1001E82A9 /* Project object */;
			proxyType = 1;
			remoteGlobalIDString = B513E13F295CDDC2001E82A9;
			remoteInfo = "cool-stuff-web-extension Extension";
		};
/* End PBXContainerItemProxy section */

/* Begin PBXCopyFilesBuildPhase section */
		B513E15F295CDDC2001E82A9 /* Embed Foundation Extensions */ = {
			isa = PBXCopyFilesBuildPhase;
			buildActionMask = 2147483647;
			dstPath = "";
			dstSubfolderSpec = 13;
			files = (
				B513E141295CDDC2001E82A9 /* cool-stuff-web-extension Extension.appex in Embed Foundation Extensions */,
			);
			name = "Embed Foundation Extensions";
			runOnlyForDeploymentPostprocessing = 0;
		};
/* End PBXCopyFilesBuildPhase section */

/* Begin PBXFileReference section */
		B513E124295CDDC1001E82A9 /* Cool Stuff for Safari.app */ = {isa = PBXFileReference; explicitFileType = wrapper.application; includeInIndex = 0; path = "Cool Stuff for Safari.app"; sourceTree = BUILT_PRODUCTS_DIR; };
		B513E127295CDDC1001E82A9 /* AppDelegate.swift */ = {isa = PBXFileReference; lastKnownFileType = sourcecode.swift; path = AppDelegate.swift; sourceTree = "<group>"; };
		B513E12B295CDDC1001E82A9 /* Base */ = {isa = PBXFileReference; lastKnownFileType = text.html; name = Base; path = ../Base.lproj/Main.html; sourceTree = "<group>"; };
		B513E12F295CDDC1001E82A9 /* Style.css */ = {isa = PBXFileReference; lastKnownFileType = text.css; path = Style.css; sourceTree = "<group>"; };
		B513E131295CDDC1001E82A9 /* Script.js */ = {isa = PBXFileReference; lastKnownFileType = sourcecode.javascript; path = Script.js; sourceTree = "<group>"; };
		B513E133295CDDC1001E82A9 /* ViewController.swift */ = {isa = PBXFileReference; lastKnownFileType = sourcecode.swift; path = ViewController.swift; sourceTree = "<group>"; };
		B513E136295CDDC1001E82A9 /* Base */ = {isa = PBXFileReference; lastKnownFileType = file.storyboard; name = Base; path = Base.lproj/Main.storyboard; sourceTree = "<group>"; };
		B513E138295CDDC2001E82A9 /* Assets.xcassets */ = {isa = PBXFileReference; lastKnownFileType = folder.assetcatalog; path = Assets.xcassets; sourceTree = "<group>"; };
		B513E13A295CDDC2001E82A9 /* cool_stuff_web_extension.entitlements */ = {isa = PBXFileReference; lastKnownFileType = text.plist.entitlements; path = cool_stuff_web_extension.entitlements; sourceTree = "<group>"; };
		B513E13B295CDDC2001E82A9 /* cool-stuff-web-extension.entitlements */ = {isa = PBXFileReference; lastKnownFileType = text.plist.entitlements; path = "cool-stuff-web-extension.entitlements"; sourceTree = "<group>"; };
		B513E140295CDDC2001E82A9 /* cool-stuff-web-extension Extension.appex */ = {isa = PBXFileReference; explicitFileType = "wrapper.app-extension"; includeInIndex = 0; path = "cool-stuff-web-extension Extension.appex"; sourceTree = BUILT_PRODUCTS_DIR; };
		B513E145295CDDC2001E82A9 /* SafariWebExtensionHandler.swift */ = {isa = PBXFileReference; lastKnownFileType = sourcecode.swift; path = SafariWebExtensionHandler.swift; sourceTree = "<group>"; };
		B513E148295CDDC2001E82A9 /* _locales */ = {isa = PBXFileReference; lastKnownFileType = folder; path = _locales; sourceTree = "<group>"; };
		B513E14A295CDDC2001E82A9 /* images */ = {isa = PBXFileReference; lastKnownFileType = folder; path = images; sourceTree = "<group>"; };
		B513E14C295CDDC2001E82A9 /* manifest.json */ = {isa = PBXFileReference; lastKnownFileType = text.json; path = manifest.json; sourceTree = "<group>"; };
		B513E158295CDDC2001E82A9 /* Info.plist */ = {isa = PBXFileReference; lastKnownFileType = text.plist.xml; path = Info.plist; sourceTree = "<group>"; };
		B513E159295CDDC2001E82A9 /* cool_stuff_web_extension_Extension.entitlements */ = {isa = PBXFileReference; lastKnownFileType = text.plist.entitlements; path = cool_stuff_web_extension_Extension.entitlements; sourceTree = "<group>"; };
		B542E2F52B880BE30097313C /* Icon.png */ = {isa = PBXFileReference; lastKnownFileType = image.png; path = Icon.png; sourceTree = "<group>"; };
		B55E483929A2EEB100231BEC /* Info.plist */ = {isa = PBXFileReference; lastKnownFileType = text.plist; path = Info.plist; sourceTree = "<group>"; };
		B5F85D222A268378000A1BCB /* service_worker.js */ = {isa = PBXFileReference; fileEncoding = 4; lastKnownFileType = sourcecode.javascript; path = service_worker.js; sourceTree = "<group>"; };
/* End PBXFileReference section */

/* Begin PBXFrameworksBuildPhase section */
		B513E121295CDDC1001E82A9 /* Frameworks */ = {
			isa = PBXFrameworksBuildPhase;
			buildActionMask = 2147483647;
			files = (
			);
			runOnlyForDeploymentPostprocessing = 0;
		};
		B513E13D295CDDC2001E82A9 /* Frameworks */ = {
			isa = PBXFrameworksBuildPhase;
			buildActionMask = 2147483647;
			files = (
			);
			runOnlyForDeploymentPostprocessing = 0;
		};
/* End PBXFrameworksBuildPhase section */

/* Begin PBXGroup section */
		B513E11B295CDDC1001E82A9 = {
			isa = PBXGroup;
			children = (
				B513E126295CDDC1001E82A9 /* cool-stuff-web-extension */,
				B513E144295CDDC2001E82A9 /* cool-stuff-web-extension Extension */,
				B513E125295CDDC1001E82A9 /* Products */,
			);
			sourceTree = "<group>";
		};
		B513E125295CDDC1001E82A9 /* Products */ = {
			isa = PBXGroup;
			children = (
				B513E124295CDDC1001E82A9 /* Cool Stuff for Safari.app */,
				B513E140295CDDC2001E82A9 /* cool-stuff-web-extension Extension.appex */,
			);
			name = Products;
			sourceTree = "<group>";
		};
		B513E126295CDDC1001E82A9 /* cool-stuff-web-extension */ = {
			isa = PBXGroup;
			children = (
				B55E483929A2EEB100231BEC /* Info.plist */,
				B513E127295CDDC1001E82A9 /* AppDelegate.swift */,
				B513E133295CDDC1001E82A9 /* ViewController.swift */,
				B513E135295CDDC1001E82A9 /* Main.storyboard */,
				B513E138295CDDC2001E82A9 /* Assets.xcassets */,
				B513E13A295CDDC2001E82A9 /* cool_stuff_web_extension.entitlements */,
				B513E13B295CDDC2001E82A9 /* cool-stuff-web-extension.entitlements */,
				B513E129295CDDC1001E82A9 /* Resources */,
			);
			path = "cool-stuff-web-extension";
			sourceTree = "<group>";
		};
		B513E129295CDDC1001E82A9 /* Resources */ = {
			isa = PBXGroup;
			children = (
				B542E2F52B880BE30097313C /* Icon.png */,
				B513E12A295CDDC1001E82A9 /* Main.html */,
				B513E12F295CDDC1001E82A9 /* Style.css */,
				B513E131295CDDC1001E82A9 /* Script.js */,
			);
			path = Resources;
			sourceTree = "<group>";
		};
		B513E144295CDDC2001E82A9 /* cool-stuff-web-extension Extension */ = {
			isa = PBXGroup;
			children = (
				B513E145295CDDC2001E82A9 /* SafariWebExtensionHandler.swift */,
				B513E158295CDDC2001E82A9 /* Info.plist */,
				B513E159295CDDC2001E82A9 /* cool_stuff_web_extension_Extension.entitlements */,
				B513E147295CDDC2001E82A9 /* Resources */,
			);
			path = "cool-stuff-web-extension Extension";
			sourceTree = "<group>";
		};
		B513E147295CDDC2001E82A9 /* Resources */ = {
			isa = PBXGroup;
			children = (
				B5F85D222A268378000A1BCB /* service_worker.js */,
				B513E148295CDDC2001E82A9 /* _locales */,
				B513E14A295CDDC2001E82A9 /* images */,
				B513E14C295CDDC2001E82A9 /* manifest.json */,
			);
			path = Resources;
			sourceTree = "<group>";
		};
/* End PBXGroup section */

/* Begin PBXNativeTarget section */
		B513E123295CDDC1001E82A9 /* Cool Stuff for Safari */ = {
			isa = PBXNativeTarget;
			buildConfigurationList = B513E160295CDDC2001E82A9 /* Build configuration list for PBXNativeTarget "Cool Stuff for Safari" */;
			buildPhases = (
				B513E120295CDDC1001E82A9 /* Sources */,
				B513E121295CDDC1001E82A9 /* Frameworks */,
				B513E122295CDDC1001E82A9 /* Resources */,
				B513E15F295CDDC2001E82A9 /* Embed Foundation Extensions */,
			);
			buildRules = (
			);
			dependencies = (
				B513E143295CDDC2001E82A9 /* PBXTargetDependency */,
			);
			name = "Cool Stuff for Safari";
			productName = "cool-stuff-web-extension";
			productReference = B513E124295CDDC1001E82A9 /* Cool Stuff for Safari.app */;
			productType = "com.apple.product-type.application";
		};
		B513E13F295CDDC2001E82A9 /* cool-stuff-web-extension Extension */ = {
			isa = PBXNativeTarget;
			buildConfigurationList = B513E15C295CDDC2001E82A9 /* Build configuration list for PBXNativeTarget "cool-stuff-web-extension Extension" */;
			buildPhases = (
				B513E13C295CDDC2001E82A9 /* Sources */,
				B513E13D295CDDC2001E82A9 /* Frameworks */,
				B513E13E295CDDC2001E82A9 /* Resources */,
			);
			buildRules = (
			);
			dependencies = (
			);
			name = "cool-stuff-web-extension Extension";
			productName = "cool-stuff-web-extension Extension";
			productReference = B513E140295CDDC2001E82A9 /* cool-stuff-web-extension Extension.appex */;
			productType = "com.apple.product-type.app-extension";
		};
/* End PBXNativeTarget section */

/* Begin PBXProject section */
		B513E11C295CDDC1001E82A9 /* Project object */ = {
			isa = PBXProject;
			attributes = {
				BuildIndependentTargetsInParallel = 1;
				LastSwiftUpdateCheck = 1420;
				LastUpgradeCheck = 1420;
				TargetAttributes = {
					B513E123295CDDC1001E82A9 = {
						CreatedOnToolsVersion = 14.2;
					};
					B513E13F295CDDC2001E82A9 = {
						CreatedOnToolsVersion = 14.2;
					};
				};
			};
			buildConfigurationList = B513E11F295CDDC1001E82A9 /* Build configuration list for PBXProject "cool-stuff-web-extension" */;
			compatibilityVersion = "Xcode 15.0";
			developmentRegion = en;
			hasScannedForEncodings = 0;
			knownRegions = (
				en,
				Base,
			);
			mainGroup = B513E11B295CDDC1001E82A9;
			productRefGroup = B513E125295CDDC1001E82A9 /* Products */;
			projectDirPath = "";
			projectRoot = "";
			targets = (
				B513E123295CDDC1001E82A9 /* Cool Stuff for Safari */,
				B513E13F295CDDC2001E82A9 /* cool-stuff-web-extension Extension */,
			);
		};
/* End PBXProject section */

/* Begin PBXResourcesBuildPhase section */
		B513E122295CDDC1001E82A9 /* Resources */ = {
			isa = PBXResourcesBuildPhase;
			buildActionMask = 2147483647;
			files = (
				B542E2F62B880BE30097313C /* Icon.png in Resources */,
				B513E137295CDDC1001E82A9 /* Main.storyboard in Resources */,
				B513E132295CDDC1001E82A9 /* Script.js in Resources */,
				B513E12C295CDDC1001E82A9 /* Main.html in Resources */,
				B513E139295CDDC2001E82A9 /* Assets.xcassets in Resources */,
				B513E130295CDDC1001E82A9 /* Style.css in Resources */,
			);
			runOnlyForDeploymentPostprocessing = 0;
		};
		B513E13E295CDDC2001E82A9 /* Resources */ = {
			isa = PBXResourcesBuildPhase;
			buildActionMask = 2147483647;
			files = (
				B513E14B295CDDC2001E82A9 /* images in Resources */,
				B513E14D295CDDC2001E82A9 /* manifest.json in Resources */,
				B5F85D242A268378000A1BCB /* service_worker.js in Resources */,
				B513E149295CDDC2001E82A9 /* _locales in Resources */,
			);
			runOnlyForDeploymentPostprocessing = 0;
		};
/* End PBXResourcesBuildPhase section */

/* Begin PBXSourcesBuildPhase section */
		B513E120295CDDC1001E82A9 /* Sources */ = {
			isa = PBXSourcesBuildPhase;
			buildActionMask = 2147483647;
			files = (
				B513E134295CDDC1001E82A9 /* ViewController.swift in Sources */,
				B513E128295CDDC1001E82A9 /* AppDelegate.swift in Sources */,
			);
			runOnlyForDeploymentPostprocessing = 0;
		};
		B513E13C295CDDC2001E82A9 /* Sources */ = {
			isa = PBXSourcesBuildPhase;
			buildActionMask = 2147483647;
			files = (
				B513E146295CDDC2001E82A9 /* SafariWebExtensionHandler.swift in Sources */,
			);
			runOnlyForDeploymentPostprocessing = 0;
		};
/* End PBXSourcesBuildPhase section */

/* Begin PBXTargetDependency section */
		B513E143295CDDC2001E82A9 /* PBXTargetDependency */ = {
			isa = PBXTargetDependency;
			target = B513E13F295CDDC2001E82A9 /* cool-stuff-web-extension Extension */;
			targetProxy = B513E142295CDDC2001E82A9 /* PBXContainerItemProxy */;
		};
/* End PBXTargetDependency section */

/* Begin PBXVariantGroup section */
		B513E12A295CDDC1001E82A9 /* Main.html */ = {
			isa = PBXVariantGroup;
			children = (
				B513E12B295CDDC1001E82A9 /* Base */,
			);
			name = Main.html;
			sourceTree = "<group>";
		};
		B513E135295CDDC1001E82A9 /* Main.storyboard */ = {
			isa = PBXVariantGroup;
			children = (
				B513E136295CDDC1001E82A9 /* Base */,
			);
			name = Main.storyboard;
			sourceTree = "<group>";
		};
/* End PBXVariantGroup section */

/* Begin XCBuildConfiguration section */
		B513E15A295CDDC2001E82A9 /* Debug */ = {
			isa = XCBuildConfiguration;
			buildSettings = {
				ALWAYS_SEARCH_USER_PATHS = NO;
				CLANG_ANALYZER_NONNULL = YES;
				CLANG_ANALYZER_NUMBER_OBJECT_CONVERSION = YES_AGGRESSIVE;
				CLANG_CXX_LANGUAGE_STANDARD = "gnu++20";
				CLANG_ENABLE_MODULES = YES;
				CLANG_ENABLE_OBJC_ARC = YES;
				CLANG_ENABLE_OBJC_WEAK = YES;
				CLANG_WARN_BLOCK_CAPTURE_AUTORELEASING = YES;
				CLANG_WARN_BOOL_CONVERSION = YES;
				CLANG_WARN_COMMA = YES;
				CLANG_WARN_CONSTANT_CONVERSION = YES;
				CLANG_WARN_DEPRECATED_OBJC_IMPLEMENTATIONS = YES;
				CLANG_WARN_DIRECT_OBJC_ISA_USAGE = YES_ERROR;
				CLANG_WARN_DOCUMENTATION_COMMENTS = YES;
				CLANG_WARN_EMPTY_BODY = YES;
				CLANG_WARN_ENUM_CONVERSION = YES;
				CLANG_WARN_INFINITE_RECURSION = YES;
				CLANG_WARN_INT_CONVERSION = YES;
				CLANG_WARN_NON_LITERAL_NULL_CONVERSION = YES;
				CLANG_WARN_OBJC_IMPLICIT_RETAIN_SELF = YES;
				CLANG_WARN_OBJC_LITERAL_CONVERSION = YES;
				CLANG_WARN_OBJC_ROOT_CLASS = YES_ERROR;
				CLANG_WARN_QUOTED_INCLUDE_IN_FRAMEWORK_HEADER = YES;
				CLANG_WARN_RANGE_LOOP_ANALYSIS = YES;
				CLANG_WARN_STRICT_PROTOTYPES = YES;
				CLANG_WARN_SUSPICIOUS_MOVE = YES;
				CLANG_WARN_UNGUARDED_AVAILABILITY = YES_AGGRESSIVE;
				CLANG_WARN_UNREACHABLE_CODE = YES;
				CLANG_WARN__DUPLICATE_METHOD_MATCH = YES;
				COPY_PHASE_STRIP = NO;
				CURRENT_PROJECT_VERSION = 5;
				DEBUG_INFORMATION_FORMAT = dwarf;
				ENABLE_STRICT_OBJC_MSGSEND = YES;
				ENABLE_TESTABILITY = YES;
				GCC_C_LANGUAGE_STANDARD = gnu11;
				GCC_DYNAMIC_NO_PIC = NO;
				GCC_NO_COMMON_BLOCKS = YES;
				GCC_OPTIMIZATION_LEVEL = 0;
				GCC_PREPROCESSOR_DEFINITIONS = (
					"DEBUG=1",
					"$(inherited)",
				);
				GCC_WARN_64_TO_32_BIT_CONVERSION = YES;
				GCC_WARN_ABOUT_RETURN_TYPE = YES_ERROR;
				GCC_WARN_UNDECLARED_SELECTOR = YES;
				GCC_WARN_UNINITIALIZED_AUTOS = YES_AGGRESSIVE;
				GCC_WARN_UNUSED_FUNCTION = YES;
				GCC_WARN_UNUSED_VARIABLE = YES;
				MACOSX_DEPLOYMENT_TARGET = 13.0;
				MARKETING_VERSION = 1.0.1;
				MTL_ENABLE_DEBUG_INFO = INCLUDE_SOURCE;
				MTL_FAST_MATH = YES;
				ONLY_ACTIVE_ARCH = YES;
				SDKROOT = macosx;
				SWIFT_ACTIVE_COMPILATION_CONDITIONS = DEBUG;
				SWIFT_OPTIMIZATION_LEVEL = "-Onone";
				VERSIONING_SYSTEM = "apple-generic";
			};
			name = Debug;
		};
		B513E15B295CDDC2001E82A9 /* Release */ = {
			isa = XCBuildConfiguration;
			buildSettings = {
				ALWAYS_SEARCH_USER_PATHS = NO;
				CLANG_ANALYZER_NONNULL = YES;
				CLANG_ANALYZER_NUMBER_OBJECT_CONVERSION = YES_AGGRESSIVE;
				CLANG_CXX_LANGUAGE_STANDARD = "gnu++20";
				CLANG_ENABLE_MODULES = YES;
				CLANG_ENABLE_OBJC_ARC = YES;
				CLANG_ENABLE_OBJC_WEAK = YES;
				CLANG_WARN_BLOCK_CAPTURE_AUTORELEASING = YES;
				CLANG_WARN_BOOL_CONVERSION = YES;
				CLANG_WARN_COMMA = YES;
				CLANG_WARN_CONSTANT_CONVERSION = YES;
				CLANG_WARN_DEPRECATED_OBJC_IMPLEMENTATIONS = YES;
				CLANG_WARN_DIRECT_OBJC_ISA_USAGE = YES_ERROR;
				CLANG_WARN_DOCUMENTATION_COMMENTS = YES;
				CLANG_WARN_EMPTY_BODY = YES;
				CLANG_WARN_ENUM_CONVERSION = YES;
				CLANG_WARN_INFINITE_RECURSION = YES;
				CLANG_WARN_INT_CONVERSION = YES;
				CLANG_WARN_NON_LITERAL_NULL_CONVERSION = YES;
				CLANG_WARN_OBJC_IMPLICIT_RETAIN_SELF = YES;
				CLANG_WARN_OBJC_LITERAL_CONVERSION = YES;
				CLANG_WARN_OBJC_ROOT_CLASS = YES_ERROR;
				CLANG_WARN_QUOTED_INCLUDE_IN_FRAMEWORK_HEADER = YES;
				CLANG_WARN_RANGE_LOOP_ANALYSIS = YES;
				CLANG_WARN_STRICT_PROTOTYPES = YES;
				CLANG_WARN_SUSPICIOUS_MOVE = YES;
				CLANG_WARN_UNGUARDED_AVAILABILITY = YES_AGGRESSIVE;
				CLANG_WARN_UNREACHABLE_CODE = YES;
				CLANG_WARN__DUPLICATE_METHOD_MATCH = YES;
				COPY_PHASE_STRIP = NO;
				CURRENT_PROJECT_VERSION = 5;
				DEBUG_INFORMATION_FORMAT = "dwarf-with-dsym";
				ENABLE_NS_ASSERTIONS = NO;
				ENABLE_STRICT_OBJC_MSGSEND = YES;
				GCC_C_LANGUAGE_STANDARD = gnu11;
				GCC_NO_COMMON_BLOCKS = YES;
				GCC_WARN_64_TO_32_BIT_CONVERSION = YES;
				GCC_WARN_ABOUT_RETURN_TYPE = YES_ERROR;
				GCC_WARN_UNDECLARED_SELECTOR = YES;
				GCC_WARN_UNINITIALIZED_AUTOS = YES_AGGRESSIVE;
				GCC_WARN_UNUSED_FUNCTION = YES;
				GCC_WARN_UNUSED_VARIABLE = YES;
				MACOSX_DEPLOYMENT_TARGET = 13.0;
				MARKETING_VERSION = 1.0.1;
				MTL_ENABLE_DEBUG_INFO = NO;
				MTL_FAST_MATH = YES;
				SDKROOT = macosx;
				SWIFT_COMPILATION_MODE = wholemodule;
				SWIFT_OPTIMIZATION_LEVEL = "-O";
				VERSIONING_SYSTEM = "apple-generic";
			};
			name = Release;
		};
		B513E15D295CDDC2001E82A9 /* Debug */ = {
			isa = XCBuildConfiguration;
			buildSettings = {
				CODE_SIGN_ENTITLEMENTS = "cool-stuff-web-extension Extension/cool_stuff_web_extension_Extension.entitlements";
				CODE_SIGN_STYLE = Automatic;
				CURRENT_PROJECT_VERSION = "$(CURRENT_PROJECT_VERSION)";
				DEVELOPMENT_TEAM = 6P4HA6KJYS;
				ENABLE_HARDENED_RUNTIME = YES;
				GENERATE_INFOPLIST_FILE = YES;
				INFOPLIST_FILE = "cool-stuff-web-extension Extension/Info.plist";
				INFOPLIST_KEY_CFBundleDisplayName = "cool-stuff-web-extension Extension";
				INFOPLIST_KEY_NSHumanReadableCopyright = "";
				LD_RUNPATH_SEARCH_PATHS = (
					"$(inherited)",
					"@executable_path/../Frameworks",
					"@executable_path/../../../../Frameworks",
				);
				MACOSX_DEPLOYMENT_TARGET = 10.14;
				MARKETING_VERSION = "$(MARKETING_VERSION)";
				OTHER_LDFLAGS = (
					"-framework",
					SafariServices,
				);
				PRODUCT_BUNDLE_IDENTIFIER = "app.coolstuff.cool-stuff-web-extension-dev.Extension";
				PRODUCT_NAME = "$(TARGET_NAME)";
				SKIP_INSTALL = YES;
				SWIFT_EMIT_LOC_STRINGS = YES;
				SWIFT_VERSION = 5.0;
			};
			name = Debug;
		};
		B513E15E295CDDC2001E82A9 /* Release */ = {
			isa = XCBuildConfiguration;
			buildSettings = {
				CODE_SIGN_ENTITLEMENTS = "cool-stuff-web-extension Extension/cool_stuff_web_extension_Extension.entitlements";
				CODE_SIGN_STYLE = Automatic;
				CURRENT_PROJECT_VERSION = "$(CURRENT_PROJECT_VERSION)";
				DEVELOPMENT_TEAM = 6P4HA6KJYS;
				ENABLE_HARDENED_RUNTIME = YES;
				GENERATE_INFOPLIST_FILE = YES;
				INFOPLIST_FILE = "cool-stuff-web-extension Extension/Info.plist";
				INFOPLIST_KEY_CFBundleDisplayName = "cool-stuff-web-extension Extension";
				INFOPLIST_KEY_NSHumanReadableCopyright = "";
				LD_RUNPATH_SEARCH_PATHS = (
					"$(inherited)",
					"@executable_path/../Frameworks",
					"@executable_path/../../../../Frameworks",
				);
				MACOSX_DEPLOYMENT_TARGET = 10.14;
				MARKETING_VERSION = "$(MARKETING_VERSION)";
				OTHER_LDFLAGS = (
					"-framework",
					SafariServices,
				);
				PRODUCT_BUNDLE_IDENTIFIER = "app.coolstuff.cool-stuff-web-extension.Extension";
				PRODUCT_NAME = "$(TARGET_NAME)";
				SKIP_INSTALL = YES;
				SWIFT_EMIT_LOC_STRINGS = YES;
				SWIFT_VERSION = 5.0;
			};
			name = Release;
		};
		B513E161295CDDC2001E82A9 /* Debug */ = {
			isa = XCBuildConfiguration;
			buildSettings = {
				ALWAYS_EMBED_SWIFT_STANDARD_LIBRARIES = YES;
				ASSETCATALOG_COMPILER_APPICON_NAME = AppIcon;
				ASSETCATALOG_COMPILER_GLOBAL_ACCENT_COLOR_NAME = AccentColor;
				ASSETCATALOG_COMPILER_INCLUDE_ALL_APPICON_ASSETS = YES;
				CODE_SIGN_ENTITLEMENTS = "cool-stuff-web-extension/cool-stuff-web-extension.entitlements";
				CODE_SIGN_STYLE = Automatic;
				COMBINE_HIDPI_IMAGES = YES;
				CURRENT_PROJECT_VERSION = "$(CURRENT_PROJECT_VERSION)";
				DEVELOPMENT_TEAM = 6P4HA6KJYS;
				ENABLE_HARDENED_RUNTIME = YES;
				GENERATE_INFOPLIST_FILE = YES;
				INFOPLIST_FILE = "cool-stuff-web-extension/Info.plist";
				INFOPLIST_KEY_CFBundleDisplayName = "Cool Stuff for Safari Dev";
				INFOPLIST_KEY_LSApplicationCategoryType = "public.app-category.productivity";
				INFOPLIST_KEY_NSHumanReadableCopyright = "";
				INFOPLIST_KEY_NSMainStoryboardFile = Main;
				INFOPLIST_KEY_NSPrincipalClass = NSApplication;
				LD_RUNPATH_SEARCH_PATHS = (
					"$(inherited)",
					"@executable_path/../Frameworks",
				);
				MACOSX_DEPLOYMENT_TARGET = 10.14;
				MARKETING_VERSION = "$(MARKETING_VERSION)";
				OTHER_LDFLAGS = (
					"-framework",
					SafariServices,
					"-framework",
					WebKit,
				);
				PRODUCT_BUNDLE_IDENTIFIER = "app.coolstuff.cool-stuff-web-extension-dev";
				PRODUCT_NAME = "$(TARGET_NAME)";
				SUPPORTED_PLATFORMS = macosx;
				SUPPORTS_MACCATALYST = NO;
				SUPPORTS_MAC_DESIGNED_FOR_IPHONE_IPAD = NO;
				SWIFT_EMIT_LOC_STRINGS = YES;
				SWIFT_VERSION = 5.0;
				TARGETED_DEVICE_FAMILY = 1;
			};
			name = Debug;
		};
		B513E162295CDDC2001E82A9 /* Release */ = {
			isa = XCBuildConfiguration;
			buildSettings = {
				ALWAYS_EMBED_SWIFT_STANDARD_LIBRARIES = YES;
				ASSETCATALOG_COMPILER_APPICON_NAME = AppIcon;
				ASSETCATALOG_COMPILER_GLOBAL_ACCENT_COLOR_NAME = AccentColor;
				ASSETCATALOG_COMPILER_INCLUDE_ALL_APPICON_ASSETS = YES;
				CODE_SIGN_ENTITLEMENTS = "cool-stuff-web-extension/cool-stuff-web-extension.entitlements";
				CODE_SIGN_STYLE = Automatic;
				COMBINE_HIDPI_IMAGES = YES;
				CURRENT_PROJECT_VERSION = "$(CURRENT_PROJECT_VERSION)";
				DEVELOPMENT_TEAM = 6P4HA6KJYS;
				ENABLE_HARDENED_RUNTIME = YES;
				GENERATE_INFOPLIST_FILE = YES;
				INFOPLIST_FILE = "cool-stuff-web-extension/Info.plist";
				INFOPLIST_KEY_CFBundleDisplayName = "Cool Stuff for Safari";
				INFOPLIST_KEY_LSApplicationCategoryType = "public.app-category.productivity";
				INFOPLIST_KEY_NSHumanReadableCopyright = "";
				INFOPLIST_KEY_NSMainStoryboardFile = Main;
				INFOPLIST_KEY_NSPrincipalClass = NSApplication;
				LD_RUNPATH_SEARCH_PATHS = (
					"$(inherited)",
					"@executable_path/../Frameworks",
				);
				MACOSX_DEPLOYMENT_TARGET = 10.14;
				MARKETING_VERSION = "$(MARKETING_VERSION)";
				OTHER_LDFLAGS = (
					"-framework",
					SafariServices,
					"-framework",
					WebKit,
				);
				PRODUCT_BUNDLE_IDENTIFIER = "app.coolstuff.cool-stuff-web-extension";
				PRODUCT_NAME = "$(TARGET_NAME)";
				SUPPORTED_PLATFORMS = macosx;
				SUPPORTS_MACCATALYST = NO;
				SUPPORTS_MAC_DESIGNED_FOR_IPHONE_IPAD = NO;
				SWIFT_EMIT_LOC_STRINGS = YES;
				SWIFT_VERSION = 5.0;
				TARGETED_DEVICE_FAMILY = 1;
			};
			name = Release;
		};
/* End XCBuildConfiguration section */

/* Begin XCConfigurationList section */
		B513E11F295CDDC1001E82A9 /* Build configuration list for PBXProject "cool-stuff-web-extension" */ = {
			isa = XCConfigurationList;
			buildConfigurations = (
				B513E15A295CDDC2001E82A9 /* Debug */,
				B513E15B295CDDC2001E82A9 /* Release */,
			);
			defaultConfigurationIsVisible = 0;
			defaultConfigurationName = Release;
		};
		B513E15C295CDDC2001E82A9 /* Build configuration list for PBXNativeTarget "cool-stuff-web-extension Extension" */ = {
			isa = XCConfigurationList;
			buildConfigurations = (
				B513E15D295CDDC2001E82A9 /* Debug */,
				B513E15E295CDDC2001E82A9 /* Release */,
			);
			defaultConfigurationIsVisible = 0;
			defaultConfigurationName = Release;
		};
		B513E160295CDDC2001E82A9 /* Build configuration list for PBXNativeTarget "Cool Stuff for Safari" */ = {
			isa = XCConfigurationList;
			buildConfigurations = (
				B513E161295CDDC2001E82A9 /* Debug */,
				B513E162295CDDC2001E82A9 /* Release */,
			);
			defaultConfigurationIsVisible = 0;
			defaultConfigurationName = Release;
		};
/* End XCConfigurationList section */
	};
	rootObject = B513E11C295CDDC1001E82A9 /* Project object */;
}
